// !$*UTF8*$!
{
	archiveVersion = 1;
	classes = {
	};
	objectVersion = 54;
	objects = {

/* Begin PBXAggregateTarget section */
		0F32E7312F182B1CAC2AEB58 /* ZERO_CHECK */ = {
			isa = PBXAggregateTarget;
			buildConfigurationList = 99D8BB9AF4B444F5ACC01A54 /* Build configuration list for PBXAggregateTarget "ZERO_CHECK" */;
			buildPhases = (
				63F0420212E644374E347A20 /* Generate CMakeFiles/ZERO_CHECK */,
			);
			dependencies = (
			);
			name = ZERO_CHECK;
			productName = ZERO_CHECK;
		};
		61EB65EC8E7194819DE24C0C /* ALL_BUILD */ = {
			isa = PBXAggregateTarget;
			buildConfigurationList = E1B79CE1A53D46F4BB5C3E1A /* Build configuration list for PBXAggregateTarget "ALL_BUILD" */;
			buildPhases = (
				AED3163242E8352C5AF720D4 /* Generate CMakeFiles/ALL_BUILD */,
			);
			dependencies = (
				66515B14C8834DDC8240F5A6 /* PBXTargetDependency */,
				CE69D37D2CCC4FAC99940909 /* PBXTargetDependency */,
			);
			name = ALL_BUILD;
			productName = ALL_BUILD;
		};
/* End PBXAggregateTarget section */

/* Begin PBXBuildFile section */
		02FE0DBF13A0415AA3FF3A3E /* RendererHooks.cpp in Sources */ = {isa = PBXBuildFile; fileRef = 4930E2C67D8242F79B924BDB /* RendererHooks.cpp */; };
		07D61B5392FE42D3BA1BC914 /* monsterlogic.cpp in Sources */ = {isa = PBXBuildFile; fileRef = D8E8ED9DB7AF448E81E27287 /* monsterlogic.cpp */; };
		0A187D4001E9496FABCFDC56 /* apple-sdk.cpp in Sources */ = {isa = PBXBuildFile; fileRef = AEB34D22769E4678BE304D80 /* apple-sdk.cpp */; };
		0EEE4148E11840ACB865EF46 /* BlobShadowToggle.cpp in Sources */ = {isa = PBXBuildFile; fileRef = 5883B3AA99B048F68C9F3747 /* BlobShadowToggle.cpp */; };
		19608DCBCED44AADA0FE7DDE /* renderer.cpp in Sources */ = {isa = PBXBuildFile; fileRef = 264835DC268644C78D1116E7 /* renderer.cpp */; };
		20C6BC8408E64C2BA1A7E609 /* ScanlineOverlay.cpp in Sources */ = {isa = PBXBuildFile; fileRef = E88F92341D4040E6ABE17869 /* ScanlineOverlay.cpp */; };
		2275AC3A3FEC4CFC93B74420 /* MenuAdapters.cpp in Sources */ = {isa = PBXBuildFile; fileRef = 743A7E537DDB46DE8284742C /* MenuAdapters.cpp */; };
		29DAC9463E1B4E6B8251F57D /* EmbeddedBGM.cpp in Sources */ = {isa = PBXBuildFile; fileRef = 085E6F2B097F42A8AD83F95E /* EmbeddedBGM.cpp */; };
		4577991BF50C42219EFA5514 /* iffhandler.cpp in Sources */ = {isa = PBXBuildFile; fileRef = 563AF8F0CBB341019457A7C4 /* iffhandler.cpp */; };
		4D84D60328624870AE243ACC /* config.cpp in Sources */ = {isa = PBXBuildFile; fileRef = 6BABF17FB27541D59230E1D4 /* config.cpp */; };
		552BD90F1CD34A83BFECFC25 /* script.cpp in Sources */ = {isa = PBXBuildFile; fileRef = E30FD136D33B4392973E738D /* script.cpp */; };
		5AF3C162DF99478F9AA8839A /* titlescreen.cpp in Sources */ = {isa = PBXBuildFile; fileRef = 715EED9A92B040FE86134A7A /* titlescreen.cpp */; };
		64BDB04E5B2943598210F8A0 /* ConfigOverlays.cpp in Sources */ = {isa = PBXBuildFile; fileRef = F4DC8EB7245040AE91C93EC3 /* ConfigOverlays.cpp */; };
		77F7A6B1B6474E48A503DEFC /* hud.cpp in Sources */ = {isa = PBXBuildFile; fileRef = 9158C57D800C4992B4A5FD68 /* hud.cpp */; };
		799185E160D54BFBA0E7C531 /* FrameLimiter.cpp in Sources */ = {isa = PBXBuildFile; fileRef = 81A4A756EB384B3EA69AFDA5 /* FrameLimiter.cpp */; };
		7AB0B2F85D194129907E81F3 /* gamelogic.cpp in Sources */ = {isa = PBXBuildFile; fileRef = 91C11C0DE8214967A93F104B /* gamelogic.cpp */; };
		7EC5E9EFF2264495B115DE0D /* objectgraphics.cpp in Sources */ = {isa = PBXBuildFile; fileRef = 2A54FDFF20DB49ABA46C79AE /* objectgraphics.cpp */; };
		807FA91C9EEE45F09F82B17A /* zgloom.cpp in Sources */ = {isa = PBXBuildFile; fileRef = A46E5456732741E8B565A608 /* zgloom.cpp */; };
		81017FD7A81C4B758245AAE0 /* menuscreen.cpp in Sources */ = {isa = PBXBuildFile; fileRef = E7DAFCBB18BA4DE2BDCC8A04 /* menuscreen.cpp */; };
		8B3E1C6582E0474C85514234 /* FilmGrainOverlay.cpp in Sources */ = {isa = PBXBuildFile; fileRef = 5E0F46E95C284CA8A8694690 /* FilmGrainOverlay.cpp */; };
		AE3A7CC1B51440FE8695032C /* gloommap.cpp in Sources */ = {isa = PBXBuildFile; fileRef = EE0E35F1D22147BE8F32CB93 /* gloommap.cpp */; };
		B8AB6205729248B18B0C049E /* gloommaths.cpp in Sources */ = {isa = PBXBuildFile; fileRef = C84AD065D89648F3AE25FEC9 /* gloommaths.cpp */; };
		B99C5107E2F443B2855EBBE6 /* apple-sdk.cpp in Sources */ = {isa = PBXBuildFile; fileRef = EAAD9819376845E0A64A3C32 /* apple-sdk.cpp */; };
		BEF3F4EBECA141179179D76B /* quick.cpp in Sources */ = {isa = PBXBuildFile; fileRef = 11E06534F28747B5B67CBE10 /* quick.cpp */; };
		C244C0A31DF648609E5382FD /* font.cpp in Sources */ = {isa = PBXBuildFile; fileRef = EF8441CD2081497AB19C7B20 /* font.cpp */; };
		C31F2AEEE67B4C5AA994C10B /* binresource.cpp in Sources */ = {isa = PBXBuildFile; fileRef = BD27F66A52DC423F85F632AD /* binresource.cpp */; };
		C563576D23194ED2921950E8 /* soundhandler.cpp in Sources */ = {isa = PBXBuildFile; fileRef = CE9EDA3C18F744E98ED05C9D /* soundhandler.cpp */; };
		CEFAB642F23A46FD80BDF84D /* ConfigAmbienceImpl.cpp in Sources */ = {isa = PBXBuildFile; fileRef = 90DC840AF65A48BB9380864D /* ConfigAmbienceImpl.cpp */; };
		E2E9DD53DDF6467F9606AB82 /* AtmosphereVolume.cpp in Sources */ = {isa = PBXBuildFile; fileRef = B08BD01B312D4FF4873B9110 /* AtmosphereVolume.cpp */; };
		F2E7A880F34B4F12883D2B32 /* decrunchmania.cpp in Sources */ = {isa = PBXBuildFile; fileRef = 3CC206D9D6774EB48DFBB715 /* decrunchmania.cpp */; };
		F6033AD659CF4AA7ADC4D4A5 /* VignetteOverlay.cpp in Sources */ = {isa = PBXBuildFile; fileRef = 6284311787F440ACA0A6D323 /* VignetteOverlay.cpp */; };
		FC2C87FF01BA40DCB82C0E12 /* Cheats.cpp in Sources */ = {isa = PBXBuildFile; fileRef = 20A0002A85694D6DA6378771 /* Cheats.cpp */; };
/* End PBXBuildFile section */

/* Begin PBXContainerItemProxy section */
		480251F7A0DA4CD9889EE169 /* PBXContainerItemProxy */ = {
			isa = PBXContainerItemProxy;
			containerPortal = E6BD786772034C56B4817026 /* Project object */;
			proxyType = 1;
			remoteGlobalIDString = 0F32E7312F182B1CAC2AEB58;
			remoteInfo = ZERO_CHECK;
		};
		487E7FCECCC2455081B092BC /* PBXContainerItemProxy */ = {
			isa = PBXContainerItemProxy;
			containerPortal = E6BD786772034C56B4817026 /* Project object */;
			proxyType = 1;
			remoteGlobalIDString = 0F32E7312F182B1CAC2AEB58;
			remoteInfo = ZERO_CHECK;
		};
		DB702240EA784297BCF509F9 /* PBXContainerItemProxy */ = {
			isa = PBXContainerItemProxy;
			containerPortal = E6BD786772034C56B4817026 /* Project object */;
			proxyType = 1;
			remoteGlobalIDString = 8D044114C40C818466978EAA;
			remoteInfo = zgloom;
		};
/* End PBXContainerItemProxy section */

/* Begin PBXFileReference section */
		085E6F2B097F42A8AD83F95E /* EmbeddedBGM.cpp */ = {isa = PBXFileReference; explicitFileType = sourcecode.cpp.cpp; fileEncoding = 4; name = EmbeddedBGM.cpp; path = audio/EmbeddedBGM.cpp; sourceTree = SOURCE_ROOT; };
		11E06534F28747B5B67CBE10 /* quick.cpp */ = {isa = PBXFileReference; explicitFileType = sourcecode.cpp.cpp; fileEncoding = 4; path = quick.cpp; sourceTree = SOURCE_ROOT; };
		20A0002A85694D6DA6378771 /* Cheats.cpp */ = {isa = PBXFileReference; explicitFileType = sourcecode.cpp.cpp; fileEncoding = 4; name = Cheats.cpp; path = cheats/Cheats.cpp; sourceTree = SOURCE_ROOT; };
		264835DC268644C78D1116E7 /* renderer.cpp */ = {isa = PBXFileReference; explicitFileType = sourcecode.cpp.cpp; fileEncoding = 4; path = renderer.cpp; sourceTree = SOURCE_ROOT; };
		2A54FDFF20DB49ABA46C79AE /* objectgraphics.cpp */ = {isa = PBXFileReference; explicitFileType = sourcecode.cpp.cpp; fileEncoding = 4; path = objectgraphics.cpp; sourceTree = SOURCE_ROOT; };
		3CC206D9D6774EB48DFBB715 /* decrunchmania.cpp */ = {isa = PBXFileReference; explicitFileType = sourcecode.cpp.cpp; fileEncoding = 4; path = decrunchmania.cpp; sourceTree = SOURCE_ROOT; };
		4930E2C67D8242F79B924BDB /* RendererHooks.cpp */ = {isa = PBXFileReference; explicitFileType = sourcecode.cpp.cpp; fileEncoding = 4; name = RendererHooks.cpp; path = effects/RendererHooks.cpp; sourceTree = SOURCE_ROOT; };
		5186C5A4C1194F25A1034E6E /* CMakeLists.txt */ = {isa = PBXFileReference; explicitFileType = sourcecode.text; fileEncoding = 4; lastKnownFileType = text; path = CMakeLists.txt; sourceTree = SOURCE_ROOT; };
		563AF8F0CBB341019457A7C4 /* iffhandler.cpp */ = {isa = PBXFileReference; explicitFileType = sourcecode.cpp.cpp; fileEncoding = 4; path = iffhandler.cpp; sourceTree = SOURCE_ROOT; };
		5883B3AA99B048F68C9F3747 /* BlobShadowToggle.cpp */ = {isa = PBXFileReference; explicitFileType = sourcecode.cpp.cpp; fileEncoding = 4; name = BlobShadowToggle.cpp; path = effects/BlobShadowToggle.cpp; sourceTree = SOURCE_ROOT; };
		5E0F46E95C284CA8A8694690 /* FilmGrainOverlay.cpp */ = {isa = PBXFileReference; explicitFileType = sourcecode.cpp.cpp; fileEncoding = 4; name = FilmGrainOverlay.cpp; path = effects/FilmGrainOverlay.cpp; sourceTree = SOURCE_ROOT; };
		6284311787F440ACA0A6D323 /* VignetteOverlay.cpp */ = {isa = PBXFileReference; explicitFileType = sourcecode.cpp.cpp; fileEncoding = 4; name = VignetteOverlay.cpp; path = effects/VignetteOverlay.cpp; sourceTree = SOURCE_ROOT; };
		6BABF17FB27541D59230E1D4 /* config.cpp */ = {isa = PBXFileReference; explicitFileType = sourcecode.cpp.cpp; fileEncoding = 4; path = config.cpp; sourceTree = SOURCE_ROOT; };
		715EED9A92B040FE86134A7A /* titlescreen.cpp */ = {isa = PBXFileReference; explicitFileType = sourcecode.cpp.cpp; fileEncoding = 4; path = titlescreen.cpp; sourceTree = SOURCE_ROOT; };
		743A7E537DDB46DE8284742C /* MenuAdapters.cpp */ = {isa = PBXFileReference; explicitFileType = sourcecode.cpp.cpp; fileEncoding = 4; path = MenuAdapters.cpp; sourceTree = SOURCE_ROOT; };
		81A4A756EB384B3EA69AFDA5 /* FrameLimiter.cpp */ = {isa = PBXFileReference; explicitFileType = sourcecode.cpp.cpp; fileEncoding = 4; name = FrameLimiter.cpp; path = effects/FrameLimiter.cpp; sourceTree = SOURCE_ROOT; };
		90DC840AF65A48BB9380864D /* ConfigAmbienceImpl.cpp */ = {isa = PBXFileReference; explicitFileType = sourcecode.cpp.cpp; fileEncoding = 4; path = ConfigAmbienceImpl.cpp; sourceTree = SOURCE_ROOT; };
		9158C57D800C4992B4A5FD68 /* hud.cpp */ = {isa = PBXFileReference; explicitFileType = sourcecode.cpp.cpp; fileEncoding = 4; path = hud.cpp; sourceTree = SOURCE_ROOT; };
		91C11C0DE8214967A93F104B /* gamelogic.cpp */ = {isa = PBXFileReference; explicitFileType = sourcecode.cpp.cpp; fileEncoding = 4; path = gamelogic.cpp; sourceTree = SOURCE_ROOT; };
		93B33CD7DF3F4DDE95A17BFB /* CMakeLists.txt */ = {isa = PBXFileReference; explicitFileType = sourcecode.text; fileEncoding = 4; lastKnownFileType = text; path = CMakeLists.txt; sourceTree = SOURCE_ROOT; };
		A46E5456732741E8B565A608 /* zgloom.cpp */ = {isa = PBXFileReference; explicitFileType = sourcecode.cpp.cpp; fileEncoding = 4; path = zgloom.cpp; sourceTree = SOURCE_ROOT; };
		AEB34D22769E4678BE304D80 /* apple-sdk.cpp */ = {isa = PBXFileReference; explicitFileType = sourcecode.cpp.cpp; fileEncoding = 4; name = "apple-sdk.cpp"; path = "build-macos/CMakeFiles/4.2.0/CompilerIdCXX/apple-sdk.cpp"; sourceTree = SOURCE_ROOT; };
		B08BD01B312D4FF4873B9110 /* AtmosphereVolume.cpp */ = {isa = PBXFileReference; explicitFileType = sourcecode.cpp.cpp; fileEncoding = 4; name = AtmosphereVolume.cpp; path = audio/AtmosphereVolume.cpp; sourceTree = SOURCE_ROOT; };
		B678E16F5E80427C91CD9D3B /* zgloom */ = {isa = PBXFileReference; explicitFileType = "compiled.mach-o.executable"; path = zgloom; sourceTree = BUILT_PRODUCTS_DIR; };
		BD27F66A52DC423F85F632AD /* binresource.cpp */ = {isa = PBXFileReference; explicitFileType = sourcecode.cpp.cpp; fileEncoding = 4; path = binresource.cpp; sourceTree = SOURCE_ROOT; };
		C84AD065D89648F3AE25FEC9 /* gloommaths.cpp */ = {isa = PBXFileReference; explicitFileType = sourcecode.cpp.cpp; fileEncoding = 4; path = gloommaths.cpp; sourceTree = SOURCE_ROOT; };
		CE9EDA3C18F744E98ED05C9D /* soundhandler.cpp */ = {isa = PBXFileReference; explicitFileType = sourcecode.cpp.cpp; fileEncoding = 4; path = soundhandler.cpp; sourceTree = SOURCE_ROOT; };
		D8E8ED9DB7AF448E81E27287 /* monsterlogic.cpp */ = {isa = PBXFileReference; explicitFileType = sourcecode.cpp.cpp; fileEncoding = 4; path = monsterlogic.cpp; sourceTree = SOURCE_ROOT; };
		E30FD136D33B4392973E738D /* script.cpp */ = {isa = PBXFileReference; explicitFileType = sourcecode.cpp.cpp; fileEncoding = 4; path = script.cpp; sourceTree = SOURCE_ROOT; };
		E7DAFCBB18BA4DE2BDCC8A04 /* menuscreen.cpp */ = {isa = PBXFileReference; explicitFileType = sourcecode.cpp.cpp; fileEncoding = 4; path = menuscreen.cpp; sourceTree = SOURCE_ROOT; };
		E88F92341D4040E6ABE17869 /* ScanlineOverlay.cpp */ = {isa = PBXFileReference; explicitFileType = sourcecode.cpp.cpp; fileEncoding = 4; name = ScanlineOverlay.cpp; path = effects/ScanlineOverlay.cpp; sourceTree = SOURCE_ROOT; };
		EAAD9819376845E0A64A3C32 /* apple-sdk.cpp */ = {isa = PBXFileReference; explicitFileType = sourcecode.cpp.cpp; fileEncoding = 4; name = "apple-sdk.cpp"; path = "build-xcode/CMakeFiles/4.2.0/CompilerIdCXX/apple-sdk.cpp"; sourceTree = SOURCE_ROOT; };
		EE0E35F1D22147BE8F32CB93 /* gloommap.cpp */ = {isa = PBXFileReference; explicitFileType = sourcecode.cpp.cpp; fileEncoding = 4; path = gloommap.cpp; sourceTree = SOURCE_ROOT; };
		EF8441CD2081497AB19C7B20 /* font.cpp */ = {isa = PBXFileReference; explicitFileType = sourcecode.cpp.cpp; fileEncoding = 4; path = font.cpp; sourceTree = SOURCE_ROOT; };
		F4DC8EB7245040AE91C93EC3 /* ConfigOverlays.cpp */ = {isa = PBXFileReference; explicitFileType = sourcecode.cpp.cpp; fileEncoding = 4; path = ConfigOverlays.cpp; sourceTree = SOURCE_ROOT; };
/* End PBXFileReference section */

/* Begin PBXFrameworksBuildPhase section */
		5A983F7D4E324F0EB3684AD7 /* Frameworks */ = {
			isa = PBXFrameworksBuildPhase;
			buildActionMask = 2147483647;
			files = (
			);
			runOnlyForDeploymentPostprocessing = 0;
		};
/* End PBXFrameworksBuildPhase section */

/* Begin PBXGroup section */
		27B6B357F4884D26A543B07D /* Products */ = {
			isa = PBXGroup;
			children = (
				B678E16F5E80427C91CD9D3B /* zgloom */,
			);
			name = Products;
			sourceTree = "<group>";
		};
		27C106FB73E4493BBFDE4AED /* CMake Rules */ = {
			isa = PBXGroup;
			children = (
			);
			name = "CMake Rules";
			sourceTree = "<group>";
		};
		53ACA26B36E0467BB02DC269 = {
			isa = PBXGroup;
			children = (
				F1E25C3C6BE04F538F78ADA3 /* ALL_BUILD */,
				CA517AF827784A788A8525F0 /* zgloom */,
				27B6B357F4884D26A543B07D /* Products */,
				FFE8E0822E3043E68F5C1CE7 /* Frameworks */,
				96D0F8908D5046F483C89964 /* Resources */,
			);
			sourceTree = "<group>";
		};
		96D0F8908D5046F483C89964 /* Resources */ = {
			isa = PBXGroup;
			children = (
			);
			name = Resources;
			sourceTree = "<group>";
		};
		9CC5D74BA89E41E3821282EC /* Source Files */ = {
			isa = PBXGroup;
			children = (
				90DC840AF65A48BB9380864D /* ConfigAmbienceImpl.cpp */,
				F4DC8EB7245040AE91C93EC3 /* ConfigOverlays.cpp */,
				743A7E537DDB46DE8284742C /* MenuAdapters.cpp */,
				B08BD01B312D4FF4873B9110 /* AtmosphereVolume.cpp */,
				085E6F2B097F42A8AD83F95E /* EmbeddedBGM.cpp */,
				BD27F66A52DC423F85F632AD /* binresource.cpp */,
				AEB34D22769E4678BE304D80 /* apple-sdk.cpp */,
				EAAD9819376845E0A64A3C32 /* apple-sdk.cpp */,
				20A0002A85694D6DA6378771 /* Cheats.cpp */,
				6BABF17FB27541D59230E1D4 /* config.cpp */,
				3CC206D9D6774EB48DFBB715 /* decrunchmania.cpp */,
				5883B3AA99B048F68C9F3747 /* BlobShadowToggle.cpp */,
				5E0F46E95C284CA8A8694690 /* FilmGrainOverlay.cpp */,
				81A4A756EB384B3EA69AFDA5 /* FrameLimiter.cpp */,
				4930E2C67D8242F79B924BDB /* RendererHooks.cpp */,
				E88F92341D4040E6ABE17869 /* ScanlineOverlay.cpp */,
				6284311787F440ACA0A6D323 /* VignetteOverlay.cpp */,
				EF8441CD2081497AB19C7B20 /* font.cpp */,
				91C11C0DE8214967A93F104B /* gamelogic.cpp */,
				EE0E35F1D22147BE8F32CB93 /* gloommap.cpp */,
				C84AD065D89648F3AE25FEC9 /* gloommaths.cpp */,
				9158C57D800C4992B4A5FD68 /* hud.cpp */,
				563AF8F0CBB341019457A7C4 /* iffhandler.cpp */,
				E7DAFCBB18BA4DE2BDCC8A04 /* menuscreen.cpp */,
				D8E8ED9DB7AF448E81E27287 /* monsterlogic.cpp */,
				2A54FDFF20DB49ABA46C79AE /* objectgraphics.cpp */,
				11E06534F28747B5B67CBE10 /* quick.cpp */,
				264835DC268644C78D1116E7 /* renderer.cpp */,
				E30FD136D33B4392973E738D /* script.cpp */,
				CE9EDA3C18F744E98ED05C9D /* soundhandler.cpp */,
				715EED9A92B040FE86134A7A /* titlescreen.cpp */,
				A46E5456732741E8B565A608 /* zgloom.cpp */,
			);
			name = "Source Files";
			sourceTree = "<group>";
		};
		CA517AF827784A788A8525F0 /* zgloom */ = {
			isa = PBXGroup;
			children = (
				9CC5D74BA89E41E3821282EC /* Source Files */,
				5186C5A4C1194F25A1034E6E /* CMakeLists.txt */,
			);
			name = zgloom;
			sourceTree = "<group>";
		};
		F1E25C3C6BE04F538F78ADA3 /* ALL_BUILD */ = {
			isa = PBXGroup;
			children = (
				27C106FB73E4493BBFDE4AED /* CMake Rules */,
				93B33CD7DF3F4DDE95A17BFB /* CMakeLists.txt */,
			);
			name = ALL_BUILD;
			sourceTree = "<group>";
		};
		FFE8E0822E3043E68F5C1CE7 /* Frameworks */ = {
			isa = PBXGroup;
			children = (
			);
			name = Frameworks;
			sourceTree = "<group>";
		};
/* End PBXGroup section */

/* Begin PBXNativeTarget section */
		8D044114C40C818466978EAA /* zgloom */ = {
			isa = PBXNativeTarget;
			buildConfigurationList = 651EC915A5A74D37B9F9329C /* Build configuration list for PBXNativeTarget "zgloom" */;
			buildPhases = (
				C4AE3FFCAD534AC1AADC8922 /* Sources */,
				5A983F7D4E324F0EB3684AD7 /* Frameworks */,
			);
			buildRules = (
			);
			dependencies = (
				0C2FCD743FE64CE2BFE5EDF8 /* PBXTargetDependency */,
			);
			name = zgloom;
			productName = zgloom;
			productReference = B678E16F5E80427C91CD9D3B /* zgloom */;
			productType = "com.apple.product-type.tool";
		};
/* End PBXNativeTarget section */

/* Begin PBXProject section */
		E6BD786772034C56B4817026 /* Project object */ = {
			isa = PBXProject;
			attributes = {
				LastUpgradeCheck = 2610;
			};
			buildConfigurationList = 9CCB0413B20C4BCBB5B2D305 /* Build configuration list for PBXProject "zgloom" */;
			compatibilityVersion = "Xcode 3.2";
			developmentRegion = en;
			hasScannedForEncodings = 0;
			knownRegions = (
				en,
				Base,
			);
			mainGroup = 53ACA26B36E0467BB02DC269;
			projectDirPath = /Users/andiweli/Projects/ZGloom;
			projectRoot = "";
			targets = (
				61EB65EC8E7194819DE24C0C /* ALL_BUILD */,
				0F32E7312F182B1CAC2AEB58 /* ZERO_CHECK */,
				8D044114C40C818466978EAA /* zgloom */,
			);
		};
/* End PBXProject section */

/* Begin PBXShellScriptBuildPhase section */
		63F0420212E644374E347A20 /* Generate CMakeFiles/ZERO_CHECK */ = {
			isa = PBXShellScriptBuildPhase;
			alwaysOutOfDate = 1;
			buildActionMask = 2147483647;
			files = (
			);
			inputPaths = (
			);
			name = "Generate CMakeFiles/ZERO_CHECK";
			outputPaths = (
				"/Users/andiweli/Projects/ZGloom/build-xcode/CMakeFiles/ZERO_CHECK",
			);
			runOnlyForDeploymentPostprocessing = 0;
			shellPath = /bin/sh;
			shellScript = "set -e\nif test \"$CONFIGURATION\" = \"Debug\"; then :\n  cd /Users/andiweli/Projects/ZGloom/build-xcode\n  make -f /Users/andiweli/Projects/ZGloom/build-xcode/CMakeScripts/ReRunCMake.make\nfi\nif test \"$CONFIGURATION\" = \"Release\"; then :\n  cd /Users/andiweli/Projects/ZGloom/build-xcode\n  make -f /Users/andiweli/Projects/ZGloom/build-xcode/CMakeScripts/ReRunCMake.make\nfi\nif test \"$CONFIGURATION\" = \"MinSizeRel\"; then :\n  cd /Users/andiweli/Projects/ZGloom/build-xcode\n  make -f /Users/andiweli/Projects/ZGloom/build-xcode/CMakeScripts/ReRunCMake.make\nfi\nif test \"$CONFIGURATION\" = \"RelWithDebInfo\"; then :\n  cd /Users/andiweli/Projects/ZGloom/build-xcode\n  make -f /Users/andiweli/Projects/ZGloom/build-xcode/CMakeScripts/ReRunCMake.make\nfi\n";
			showEnvVarsInLog = 0;
		};
		AED3163242E8352C5AF720D4 /* Generate CMakeFiles/ALL_BUILD */ = {
			isa = PBXShellScriptBuildPhase;
			alwaysOutOfDate = 1;
			buildActionMask = 2147483647;
			files = (
			);
			inputPaths = (
			);
			name = "Generate CMakeFiles/ALL_BUILD";
			outputPaths = (
				"/Users/andiweli/Projects/ZGloom/build-xcode/CMakeFiles/ALL_BUILD",
			);
			runOnlyForDeploymentPostprocessing = 0;
			shellPath = /bin/sh;
			shellScript = "set -e\nif test \"$CONFIGURATION\" = \"Debug\"; then :\n  cd /Users/andiweli/Projects/ZGloom/build-xcode\n  echo Build\\ all\\ projects\nfi\nif test \"$CONFIGURATION\" = \"Release\"; then :\n  cd /Users/andiweli/Projects/ZGloom/build-xcode\n  echo Build\\ all\\ projects\nfi\nif test \"$CONFIGURATION\" = \"MinSizeRel\"; then :\n  cd /Users/andiweli/Projects/ZGloom/build-xcode\n  echo Build\\ all\\ projects\nfi\nif test \"$CONFIGURATION\" = \"RelWithDebInfo\"; then :\n  cd /Users/andiweli/Projects/ZGloom/build-xcode\n  echo Build\\ all\\ projects\nfi\n";
			showEnvVarsInLog = 0;
		};
/* End PBXShellScriptBuildPhase section */

/* Begin PBXSourcesBuildPhase section */
		C4AE3FFCAD534AC1AADC8922 /* Sources */ = {
			isa = PBXSourcesBuildPhase;
			buildActionMask = 2147483647;
			files = (
				CEFAB642F23A46FD80BDF84D /* ConfigAmbienceImpl.cpp in Sources */,
				64BDB04E5B2943598210F8A0 /* ConfigOverlays.cpp in Sources */,
				2275AC3A3FEC4CFC93B74420 /* MenuAdapters.cpp in Sources */,
				E2E9DD53DDF6467F9606AB82 /* AtmosphereVolume.cpp in Sources */,
				29DAC9463E1B4E6B8251F57D /* EmbeddedBGM.cpp in Sources */,
				C31F2AEEE67B4C5AA994C10B /* binresource.cpp in Sources */,
				0A187D4001E9496FABCFDC56 /* apple-sdk.cpp in Sources */,
				B99C5107E2F443B2855EBBE6 /* apple-sdk.cpp in Sources */,
				FC2C87FF01BA40DCB82C0E12 /* Cheats.cpp in Sources */,
				4D84D60328624870AE243ACC /* config.cpp in Sources */,
				F2E7A880F34B4F12883D2B32 /* decrunchmania.cpp in Sources */,
				0EEE4148E11840ACB865EF46 /* BlobShadowToggle.cpp in Sources */,
				8B3E1C6582E0474C85514234 /* FilmGrainOverlay.cpp in Sources */,
				799185E160D54BFBA0E7C531 /* FrameLimiter.cpp in Sources */,
				02FE0DBF13A0415AA3FF3A3E /* RendererHooks.cpp in Sources */,
				20C6BC8408E64C2BA1A7E609 /* ScanlineOverlay.cpp in Sources */,
				F6033AD659CF4AA7ADC4D4A5 /* VignetteOverlay.cpp in Sources */,
				C244C0A31DF648609E5382FD /* font.cpp in Sources */,
				7AB0B2F85D194129907E81F3 /* gamelogic.cpp in Sources */,
				AE3A7CC1B51440FE8695032C /* gloommap.cpp in Sources */,
				B8AB6205729248B18B0C049E /* gloommaths.cpp in Sources */,
				77F7A6B1B6474E48A503DEFC /* hud.cpp in Sources */,
				4577991BF50C42219EFA5514 /* iffhandler.cpp in Sources */,
				81017FD7A81C4B758245AAE0 /* menuscreen.cpp in Sources */,
				07D61B5392FE42D3BA1BC914 /* monsterlogic.cpp in Sources */,
				7EC5E9EFF2264495B115DE0D /* objectgraphics.cpp in Sources */,
				BEF3F4EBECA141179179D76B /* quick.cpp in Sources */,
				19608DCBCED44AADA0FE7DDE /* renderer.cpp in Sources */,
				552BD90F1CD34A83BFECFC25 /* script.cpp in Sources */,
				C563576D23194ED2921950E8 /* soundhandler.cpp in Sources */,
				5AF3C162DF99478F9AA8839A /* titlescreen.cpp in Sources */,
				807FA91C9EEE45F09F82B17A /* zgloom.cpp in Sources */,
			);
			runOnlyForDeploymentPostprocessing = 0;
		};
/* End PBXSourcesBuildPhase section */

/* Begin PBXTargetDependency section */
		0C2FCD743FE64CE2BFE5EDF8 /* PBXTargetDependency */ = {
			isa = PBXTargetDependency;
			target = 0F32E7312F182B1CAC2AEB58 /* ZERO_CHECK */;
			targetProxy = 487E7FCECCC2455081B092BC /* PBXContainerItemProxy */;
		};
		66515B14C8834DDC8240F5A6 /* PBXTargetDependency */ = {
			isa = PBXTargetDependency;
			target = 8D044114C40C818466978EAA /* zgloom */;
			targetProxy = DB702240EA784297BCF509F9 /* PBXContainerItemProxy */;
		};
		CE69D37D2CCC4FAC99940909 /* PBXTargetDependency */ = {
			isa = PBXTargetDependency;
			target = 0F32E7312F182B1CAC2AEB58 /* ZERO_CHECK */;
			targetProxy = 480251F7A0DA4CD9889EE169 /* PBXContainerItemProxy */;
		};
/* End PBXTargetDependency section */

/* Begin XCBuildConfiguration section */
		11DC41BEA204454096423522 /* Debug */ = {
			isa = XCBuildConfiguration;
			buildSettings = {
				ALWAYS_SEARCH_USER_PATHS = NO;
				ARCHS = "$(ARCHS_STANDARD)";
				COMBINE_HIDPI_IMAGES = YES;
				CONFIGURATION_BUILD_DIR = "/Users/andiweli/Projects/ZGloom/build-xcode/Debug";
				EXECUTABLE_PREFIX = "";
				EXECUTABLE_SUFFIX = "";
				GCC_GENERATE_DEBUGGING_SYMBOLS = YES;
				GCC_INLINES_ARE_PRIVATE_EXTERN = NO;
				GCC_OPTIMIZATION_LEVEL = 0;
				GCC_PREPROCESSOR_DEFINITIONS = (
					"'CMAKE_INTDIR=\"$(CONFIGURATION)$(EFFECTIVE_PLATFORM_NAME)\"'",
					"$(inherited)",
				);
				GCC_SYMBOLS_PRIVATE_EXTERN = NO;
				HEADER_SEARCH_PATHS = (
					/Users/andiweli/Projects/ZGloom/xmp/include,
					/Users/andiweli/Projects/ZGloom,
					"$(inherited)",
				);
				INSTALL_PATH = "";
				LD_NO_PIE = NO;
				LD_RUNPATH_SEARCH_PATHS = (
					/opt/homebrew/Cellar/sdl2/2.32.10/lib,
					"$(inherited)",
				);
				LIBRARY_SEARCH_PATHS = (
					"/opt/homebrew/Cellar/sdl2/2.32.10/lib/$(CONFIGURATION)$(EFFECTIVE_PLATFORM_NAME)",
					/opt/homebrew/Cellar/sdl2/2.32.10/lib,
					"$(inherited)",
				);
				ONLY_ACTIVE_ARCH = NO;
				OTHER_CPLUSPLUSFLAGS = (
					"'-std=c++14'",
					"-fPIE",
					"-Wall",
					"-Wextra",
					"-Wpedantic",
				);
				OTHER_LDFLAGS = (
					"-Wl,-search_paths_first",
					"-Wl,-headerpad_max_install_names",
					/opt/homebrew/Cellar/sdl2/2.32.10/lib/libSDL2.dylib,
					/opt/homebrew/Cellar/sdl2/2.32.10/lib/libSDL2main.a,
					/opt/homebrew/Cellar/sdl2_mixer/2.8.1_1/lib/libSDL2_mixer.dylib,
					/opt/homebrew/lib/libxmp.dylib,
					"$(inherited)",
				);
				OTHER_REZFLAGS = "";
				PRODUCT_NAME = zgloom;
				SECTORDER_FLAGS = "";
				SYSTEM_HEADER_SEARCH_PATHS = (
					/opt/homebrew/Cellar/sdl2/2.32.10/include/SDL2,
					/opt/homebrew/Cellar/sdl2_mixer/2.8.1_1/include/SDL2,
					"$(inherited)",
				);
				TARGET_TEMP_DIR = "/Users/andiweli/Projects/ZGloom/build-xcode/build/zgloom.build/$(CONFIGURATION)$(EFFECTIVE_PLATFORM_NAME)";
				USE_HEADERMAP = NO;
				WARNING_CFLAGS = "$(inherited)";
			};
			name = Debug;
		};
		1EDA355839C64D9CB727B032 /* RelWithDebInfo */ = {
			isa = XCBuildConfiguration;
			buildSettings = {
				ALWAYS_SEARCH_USER_PATHS = NO;
				ARCHS = "$(ARCHS_STANDARD)";
				COMBINE_HIDPI_IMAGES = YES;
				CONFIGURATION_BUILD_DIR = "/Users/andiweli/Projects/ZGloom/build-xcode/RelWithDebInfo";
				EXECUTABLE_PREFIX = "";
				EXECUTABLE_SUFFIX = "";
				GCC_GENERATE_DEBUGGING_SYMBOLS = YES;
				GCC_INLINES_ARE_PRIVATE_EXTERN = NO;
				GCC_OPTIMIZATION_LEVEL = 2;
				GCC_PREPROCESSOR_DEFINITIONS = (
					"'CMAKE_INTDIR=\"$(CONFIGURATION)$(EFFECTIVE_PLATFORM_NAME)\"'",
					"$(inherited)",
				);
				GCC_SYMBOLS_PRIVATE_EXTERN = NO;
				HEADER_SEARCH_PATHS = (
					/Users/andiweli/Projects/ZGloom/xmp/include,
					/Users/andiweli/Projects/ZGloom,
					"$(inherited)",
				);
				INSTALL_PATH = "";
				LD_NO_PIE = NO;
				LD_RUNPATH_SEARCH_PATHS = (
					/opt/homebrew/Cellar/sdl2/2.32.10/lib,
					"$(inherited)",
				);
				LIBRARY_SEARCH_PATHS = (
					"/opt/homebrew/Cellar/sdl2/2.32.10/lib/$(CONFIGURATION)$(EFFECTIVE_PLATFORM_NAME)",
					/opt/homebrew/Cellar/sdl2/2.32.10/lib,
					"$(inherited)",
				);
				ONLY_ACTIVE_ARCH = NO;
				OTHER_CPLUSPLUSFLAGS = (
					"-DNDEBUG",
					"'-std=c++14'",
					"-fPIE",
					"-Wall",
					"-Wextra",
					"-Wpedantic",
				);
				OTHER_LDFLAGS = (
					"-Wl,-search_paths_first",
					"-Wl,-headerpad_max_install_names",
					/opt/homebrew/Cellar/sdl2/2.32.10/lib/libSDL2.dylib,
					/opt/homebrew/Cellar/sdl2/2.32.10/lib/libSDL2main.a,
					/opt/homebrew/Cellar/sdl2_mixer/2.8.1_1/lib/libSDL2_mixer.dylib,
					/opt/homebrew/lib/libxmp.dylib,
					"$(inherited)",
				);
				OTHER_REZFLAGS = "";
				PRODUCT_NAME = zgloom;
				SECTORDER_FLAGS = "";
				SYSTEM_HEADER_SEARCH_PATHS = (
					/opt/homebrew/Cellar/sdl2/2.32.10/include/SDL2,
					/opt/homebrew/Cellar/sdl2_mixer/2.8.1_1/include/SDL2,
					"$(inherited)",
				);
				TARGET_TEMP_DIR = "/Users/andiweli/Projects/ZGloom/build-xcode/build/zgloom.build/$(CONFIGURATION)$(EFFECTIVE_PLATFORM_NAME)";
				USE_HEADERMAP = NO;
				WARNING_CFLAGS = "$(inherited)";
			};
			name = RelWithDebInfo;
		};
		4197341636E14C2DB9317283 /* Debug */ = {
			isa = XCBuildConfiguration;
			buildSettings = {
				ALWAYS_SEARCH_USER_PATHS = NO;
				ARCHS = arm64;
				COMBINE_HIDPI_IMAGES = YES;
				GCC_GENERATE_DEBUGGING_SYMBOLS = YES;
				GCC_INLINES_ARE_PRIVATE_EXTERN = NO;
				GCC_OPTIMIZATION_LEVEL = 0;
				GCC_PREPROCESSOR_DEFINITIONS = (
					"'CMAKE_INTDIR=\"$(CONFIGURATION)$(EFFECTIVE_PLATFORM_NAME)\"'",
					"$(inherited)",
				);
				GCC_SYMBOLS_PRIVATE_EXTERN = NO;
				INSTALL_PATH = "";
				ONLY_ACTIVE_ARCH = NO;
				OTHER_LDFLAGS = " $(inherited)";
				OTHER_REZFLAGS = "";
				PRODUCT_NAME = ZERO_CHECK;
				SECTORDER_FLAGS = "";
				USE_HEADERMAP = NO;
				WARNING_CFLAGS = "$(inherited)";
			};
			name = Debug;
		};
		4B94482B3A854FB4A4939611 /* Debug */ = {
			isa = XCBuildConfiguration;
			buildSettings = {
				ARCHS = "$(ARCHS_STANDARD)";
				SDKROOT = "";
				SYMROOT = "/Users/andiweli/Projects/ZGloom/build-xcode/build";
			};
			name = Debug;
		};
		4F020DD9C48A4811A32100FF /* RelWithDebInfo */ = {
			isa = XCBuildConfiguration;
			buildSettings = {
				ARCHS = "$(ARCHS_STANDARD)";
				SDKROOT = "";
				SWIFT_COMPILATION_MODE = wholemodule;
				SYMROOT = "/Users/andiweli/Projects/ZGloom/build-xcode/build";
			};
			name = RelWithDebInfo;
		};
		6039CDC17EB04746BB850D20 /* RelWithDebInfo */ = {
			isa = XCBuildConfiguration;
			buildSettings = {
				ALWAYS_SEARCH_USER_PATHS = NO;
				ARCHS = arm64;
				COMBINE_HIDPI_IMAGES = YES;
				GCC_GENERATE_DEBUGGING_SYMBOLS = YES;
				GCC_INLINES_ARE_PRIVATE_EXTERN = NO;
				GCC_OPTIMIZATION_LEVEL = 0;
				GCC_PREPROCESSOR_DEFINITIONS = (
					"'CMAKE_INTDIR=\"$(CONFIGURATION)$(EFFECTIVE_PLATFORM_NAME)\"'",
					"$(inherited)",
				);
				GCC_SYMBOLS_PRIVATE_EXTERN = NO;
				INSTALL_PATH = "";
				ONLY_ACTIVE_ARCH = NO;
				OTHER_LDFLAGS = " $(inherited)";
				OTHER_REZFLAGS = "";
				PRODUCT_NAME = ZERO_CHECK;
				SECTORDER_FLAGS = "";
				USE_HEADERMAP = NO;
				WARNING_CFLAGS = "$(inherited)";
			};
			name = RelWithDebInfo;
		};
		65357CE9FC264A5BA89703C0 /* Release */ = {
			isa = XCBuildConfiguration;
			buildSettings = {
				ALWAYS_SEARCH_USER_PATHS = NO;
				ARCHS = "$(ARCHS_STANDARD)";
				COMBINE_HIDPI_IMAGES = YES;
				CONFIGURATION_BUILD_DIR = "/Users/andiweli/Projects/ZGloom/build-xcode/Release";
				EXECUTABLE_PREFIX = "";
				EXECUTABLE_SUFFIX = "";
				GCC_GENERATE_DEBUGGING_SYMBOLS = NO;
				GCC_INLINES_ARE_PRIVATE_EXTERN = NO;
				GCC_OPTIMIZATION_LEVEL = 3;
				GCC_PREPROCESSOR_DEFINITIONS = (
					"'CMAKE_INTDIR=\"$(CONFIGURATION)$(EFFECTIVE_PLATFORM_NAME)\"'",
					"$(inherited)",
				);
				GCC_SYMBOLS_PRIVATE_EXTERN = NO;
				HEADER_SEARCH_PATHS = (
					/Users/andiweli/Projects/ZGloom/xmp/include,
					/Users/andiweli/Projects/ZGloom,
					"$(inherited)",
				);
				INSTALL_PATH = "";
				LD_NO_PIE = NO;
				LD_RUNPATH_SEARCH_PATHS = (
					/opt/homebrew/Cellar/sdl2/2.32.10/lib,
					"$(inherited)",
				);
				LIBRARY_SEARCH_PATHS = (
					"/opt/homebrew/Cellar/sdl2/2.32.10/lib/$(CONFIGURATION)$(EFFECTIVE_PLATFORM_NAME)",
					/opt/homebrew/Cellar/sdl2/2.32.10/lib,
					"$(inherited)",
				);
				ONLY_ACTIVE_ARCH = NO;
				OTHER_CPLUSPLUSFLAGS = (
					"-DNDEBUG",
					"'-std=c++14'",
					"-fPIE",
					"-Wall",
					"-Wextra",
					"-Wpedantic",
				);
				OTHER_LDFLAGS = (
					"-Wl,-search_paths_first",
					"-Wl,-headerpad_max_install_names",
					/opt/homebrew/Cellar/sdl2/2.32.10/lib/libSDL2.dylib,
					/opt/homebrew/Cellar/sdl2/2.32.10/lib/libSDL2main.a,
					/opt/homebrew/Cellar/sdl2_mixer/2.8.1_1/lib/libSDL2_mixer.dylib,
					/opt/homebrew/lib/libxmp.dylib,
					"$(inherited)",
				);
				OTHER_REZFLAGS = "";
				PRODUCT_NAME = zgloom;
				SECTORDER_FLAGS = "";
				SYSTEM_HEADER_SEARCH_PATHS = (
					/opt/homebrew/Cellar/sdl2/2.32.10/include/SDL2,
					/opt/homebrew/Cellar/sdl2_mixer/2.8.1_1/include/SDL2,
					"$(inherited)",
				);
				TARGET_TEMP_DIR = "/Users/andiweli/Projects/ZGloom/build-xcode/build/zgloom.build/$(CONFIGURATION)$(EFFECTIVE_PLATFORM_NAME)";
				USE_HEADERMAP = NO;
				WARNING_CFLAGS = "$(inherited)";
			};
			name = Release;
		};
		7DEBA978BD39494392BA976A /* MinSizeRel */ = {
			isa = XCBuildConfiguration;
			buildSettings = {
				ALWAYS_SEARCH_USER_PATHS = NO;
				ARCHS = "$(ARCHS_STANDARD)";
				COMBINE_HIDPI_IMAGES = YES;
				CONFIGURATION_BUILD_DIR = "/Users/andiweli/Projects/ZGloom/build-xcode/MinSizeRel";
				EXECUTABLE_PREFIX = "";
				EXECUTABLE_SUFFIX = "";
				GCC_GENERATE_DEBUGGING_SYMBOLS = NO;
				GCC_INLINES_ARE_PRIVATE_EXTERN = NO;
				GCC_OPTIMIZATION_LEVEL = s;
				GCC_PREPROCESSOR_DEFINITIONS = (
					"'CMAKE_INTDIR=\"$(CONFIGURATION)$(EFFECTIVE_PLATFORM_NAME)\"'",
					"$(inherited)",
				);
				GCC_SYMBOLS_PRIVATE_EXTERN = NO;
				HEADER_SEARCH_PATHS = (
					/Users/andiweli/Projects/ZGloom/xmp/include,
					/Users/andiweli/Projects/ZGloom,
					"$(inherited)",
				);
				INSTALL_PATH = "";
				LD_NO_PIE = NO;
				LD_RUNPATH_SEARCH_PATHS = (
					/opt/homebrew/Cellar/sdl2/2.32.10/lib,
					"$(inherited)",
				);
				LIBRARY_SEARCH_PATHS = (
					"/opt/homebrew/Cellar/sdl2/2.32.10/lib/$(CONFIGURATION)$(EFFECTIVE_PLATFORM_NAME)",
					/opt/homebrew/Cellar/sdl2/2.32.10/lib,
					"$(inherited)",
				);
				ONLY_ACTIVE_ARCH = NO;
				OTHER_CPLUSPLUSFLAGS = (
					"-DNDEBUG",
					"'-std=c++14'",
					"-fPIE",
					"-Wall",
					"-Wextra",
					"-Wpedantic",
				);
				OTHER_LDFLAGS = (
					"-Wl,-search_paths_first",
					"-Wl,-headerpad_max_install_names",
					/opt/homebrew/Cellar/sdl2/2.32.10/lib/libSDL2.dylib,
					/opt/homebrew/Cellar/sdl2/2.32.10/lib/libSDL2main.a,
					/opt/homebrew/Cellar/sdl2_mixer/2.8.1_1/lib/libSDL2_mixer.dylib,
					/opt/homebrew/lib/libxmp.dylib,
					"$(inherited)",
				);
				OTHER_REZFLAGS = "";
				PRODUCT_NAME = zgloom;
				SECTORDER_FLAGS = "";
				SYSTEM_HEADER_SEARCH_PATHS = (
					/opt/homebrew/Cellar/sdl2/2.32.10/include/SDL2,
					/opt/homebrew/Cellar/sdl2_mixer/2.8.1_1/include/SDL2,
					"$(inherited)",
				);
				TARGET_TEMP_DIR = "/Users/andiweli/Projects/ZGloom/build-xcode/build/zgloom.build/$(CONFIGURATION)$(EFFECTIVE_PLATFORM_NAME)";
				USE_HEADERMAP = NO;
				WARNING_CFLAGS = "$(inherited)";
			};
			name = MinSizeRel;
		};
		7EE838300E73496E9C9859D5 /* RelWithDebInfo */ = {
			isa = XCBuildConfiguration;
			buildSettings = {
				ALWAYS_SEARCH_USER_PATHS = NO;
				ARCHS = arm64;
				COMBINE_HIDPI_IMAGES = YES;
				GCC_GENERATE_DEBUGGING_SYMBOLS = YES;
				GCC_INLINES_ARE_PRIVATE_EXTERN = NO;
				GCC_OPTIMIZATION_LEVEL = 0;
				GCC_PREPROCESSOR_DEFINITIONS = (
					"'CMAKE_INTDIR=\"$(CONFIGURATION)$(EFFECTIVE_PLATFORM_NAME)\"'",
					"$(inherited)",
				);
				GCC_SYMBOLS_PRIVATE_EXTERN = NO;
				INSTALL_PATH = "";
				ONLY_ACTIVE_ARCH = NO;
				OTHER_LDFLAGS = " $(inherited)";
				OTHER_REZFLAGS = "";
				PRODUCT_NAME = ALL_BUILD;
				SECTORDER_FLAGS = "";
				USE_HEADERMAP = NO;
				WARNING_CFLAGS = "$(inherited)";
			};
			name = RelWithDebInfo;
		};
		881A9B53774D4683BAA5D1B2 /* Release */ = {
			isa = XCBuildConfiguration;
			buildSettings = {
				ARCHS = "$(ARCHS_STANDARD)";
				SDKROOT = "";
				SWIFT_COMPILATION_MODE = wholemodule;
				SYMROOT = "/Users/andiweli/Projects/ZGloom/build-xcode/build";
			};
			name = Release;
		};
		88FFE22BE3B847BEA6F8D6E8 /* MinSizeRel */ = {
			isa = XCBuildConfiguration;
			buildSettings = {
				ALWAYS_SEARCH_USER_PATHS = NO;
				ARCHS = arm64;
				COMBINE_HIDPI_IMAGES = YES;
				GCC_GENERATE_DEBUGGING_SYMBOLS = YES;
				GCC_INLINES_ARE_PRIVATE_EXTERN = NO;
				GCC_OPTIMIZATION_LEVEL = 0;
				GCC_PREPROCESSOR_DEFINITIONS = (
					"'CMAKE_INTDIR=\"$(CONFIGURATION)$(EFFECTIVE_PLATFORM_NAME)\"'",
					"$(inherited)",
				);
				GCC_SYMBOLS_PRIVATE_EXTERN = NO;
				INSTALL_PATH = "";
				ONLY_ACTIVE_ARCH = NO;
				OTHER_LDFLAGS = " $(inherited)";
				OTHER_REZFLAGS = "";
				PRODUCT_NAME = ALL_BUILD;
				SECTORDER_FLAGS = "";
				USE_HEADERMAP = NO;
				WARNING_CFLAGS = "$(inherited)";
			};
			name = MinSizeRel;
		};
		A8B57F842ABE46A78A5C0C1F /* MinSizeRel */ = {
			isa = XCBuildConfiguration;
			buildSettings = {
				ALWAYS_SEARCH_USER_PATHS = NO;
				ARCHS = arm64;
				COMBINE_HIDPI_IMAGES = YES;
				GCC_GENERATE_DEBUGGING_SYMBOLS = YES;
				GCC_INLINES_ARE_PRIVATE_EXTERN = NO;
				GCC_OPTIMIZATION_LEVEL = 0;
				GCC_PREPROCESSOR_DEFINITIONS = (
					"'CMAKE_INTDIR=\"$(CONFIGURATION)$(EFFECTIVE_PLATFORM_NAME)\"'",
					"$(inherited)",
				);
				GCC_SYMBOLS_PRIVATE_EXTERN = NO;
				INSTALL_PATH = "";
				ONLY_ACTIVE_ARCH = NO;
				OTHER_LDFLAGS = " $(inherited)";
				OTHER_REZFLAGS = "";
				PRODUCT_NAME = ZERO_CHECK;
				SECTORDER_FLAGS = "";
				USE_HEADERMAP = NO;
				WARNING_CFLAGS = "$(inherited)";
			};
			name = MinSizeRel;
		};
		CDDA2AB3370A423899BADAF3 /* Debug */ = {
			isa = XCBuildConfiguration;
			buildSettings = {
				ALWAYS_SEARCH_USER_PATHS = NO;
				ARCHS = arm64;
				COMBINE_HIDPI_IMAGES = YES;
				GCC_GENERATE_DEBUGGING_SYMBOLS = YES;
				GCC_INLINES_ARE_PRIVATE_EXTERN = NO;
				GCC_OPTIMIZATION_LEVEL = 0;
				GCC_PREPROCESSOR_DEFINITIONS = (
					"'CMAKE_INTDIR=\"$(CONFIGURATION)$(EFFECTIVE_PLATFORM_NAME)\"'",
					"$(inherited)",
				);
				GCC_SYMBOLS_PRIVATE_EXTERN = NO;
				INSTALL_PATH = "";
				ONLY_ACTIVE_ARCH = NO;
				OTHER_LDFLAGS = " $(inherited)";
				OTHER_REZFLAGS = "";
				PRODUCT_NAME = ALL_BUILD;
				SECTORDER_FLAGS = "";
				USE_HEADERMAP = NO;
				WARNING_CFLAGS = "$(inherited)";
			};
			name = Debug;
		};
		D68F50D667C142E49A9C9E65 /* Release */ = {
			isa = XCBuildConfiguration;
			buildSettings = {
				ALWAYS_SEARCH_USER_PATHS = NO;
				ARCHS = arm64;
				COMBINE_HIDPI_IMAGES = YES;
				GCC_GENERATE_DEBUGGING_SYMBOLS = YES;
				GCC_INLINES_ARE_PRIVATE_EXTERN = NO;
				GCC_OPTIMIZATION_LEVEL = 0;
				GCC_PREPROCESSOR_DEFINITIONS = (
					"'CMAKE_INTDIR=\"$(CONFIGURATION)$(EFFECTIVE_PLATFORM_NAME)\"'",
					"$(inherited)",
				);
				GCC_SYMBOLS_PRIVATE_EXTERN = NO;
				INSTALL_PATH = "";
				ONLY_ACTIVE_ARCH = NO;
				OTHER_LDFLAGS = " $(inherited)";
				OTHER_REZFLAGS = "";
				PRODUCT_NAME = ALL_BUILD;
				SECTORDER_FLAGS = "";
				USE_HEADERMAP = NO;
				WARNING_CFLAGS = "$(inherited)";
			};
			name = Release;
		};
		DF3573377CB14EC68D00578C /* Release */ = {
			isa = XCBuildConfiguration;
			buildSettings = {
				ALWAYS_SEARCH_USER_PATHS = NO;
				ARCHS = arm64;
				COMBINE_HIDPI_IMAGES = YES;
				GCC_GENERATE_DEBUGGING_SYMBOLS = YES;
				GCC_INLINES_ARE_PRIVATE_EXTERN = NO;
				GCC_OPTIMIZATION_LEVEL = 0;
				GCC_PREPROCESSOR_DEFINITIONS = (
					"'CMAKE_INTDIR=\"$(CONFIGURATION)$(EFFECTIVE_PLATFORM_NAME)\"'",
					"$(inherited)",
				);
				GCC_SYMBOLS_PRIVATE_EXTERN = NO;
				INSTALL_PATH = "";
				ONLY_ACTIVE_ARCH = NO;
				OTHER_LDFLAGS = " $(inherited)";
				OTHER_REZFLAGS = "";
				PRODUCT_NAME = ZERO_CHECK;
				SECTORDER_FLAGS = "";
				USE_HEADERMAP = NO;
				WARNING_CFLAGS = "$(inherited)";
			};
			name = Release;
		};
		EC8CAFD731684FF3A5DF2D23 /* MinSizeRel */ = {
			isa = XCBuildConfiguration;
			buildSettings = {
				ARCHS = "$(ARCHS_STANDARD)";
				SDKROOT = "";
				SWIFT_COMPILATION_MODE = wholemodule;
				SYMROOT = "/Users/andiweli/Projects/ZGloom/build-xcode/build";
			};
			name = MinSizeRel;
		};
/* End XCBuildConfiguration section */

/* Begin XCConfigurationList section */
		651EC915A5A74D37B9F9329C /* Build configuration list for PBXNativeTarget "zgloom" */ = {
			isa = XCConfigurationList;
			buildConfigurations = (
				11DC41BEA204454096423522 /* Debug */,
				65357CE9FC264A5BA89703C0 /* Release */,
				7DEBA978BD39494392BA976A /* MinSizeRel */,
				1EDA355839C64D9CB727B032 /* RelWithDebInfo */,
			);
			defaultConfigurationIsVisible = 0;
			defaultConfigurationName = Debug;
		};
		99D8BB9AF4B444F5ACC01A54 /* Build configuration list for PBXAggregateTarget "ZERO_CHECK" */ = {
			isa = XCConfigurationList;
			buildConfigurations = (
				4197341636E14C2DB9317283 /* Debug */,
				DF3573377CB14EC68D00578C /* Release */,
				A8B57F842ABE46A78A5C0C1F /* MinSizeRel */,
				6039CDC17EB04746BB850D20 /* RelWithDebInfo */,
			);
			defaultConfigurationIsVisible = 0;
			defaultConfigurationName = Debug;
		};
		9CCB0413B20C4BCBB5B2D305 /* Build configuration list for PBXProject "zgloom" */ = {
			isa = XCConfigurationList;
			buildConfigurations = (
				4B94482B3A854FB4A4939611 /* Debug */,
				881A9B53774D4683BAA5D1B2 /* Release */,
				EC8CAFD731684FF3A5DF2D23 /* MinSizeRel */,
				4F020DD9C48A4811A32100FF /* RelWithDebInfo */,
			);
			defaultConfigurationIsVisible = 0;
			defaultConfigurationName = Debug;
		};
		E1B79CE1A53D46F4BB5C3E1A /* Build configuration list for PBXAggregateTarget "ALL_BUILD" */ = {
			isa = XCConfigurationList;
			buildConfigurations = (
				CDDA2AB3370A423899BADAF3 /* Debug */,
				D68F50D667C142E49A9C9E65 /* Release */,
				88FFE22BE3B847BEA6F8D6E8 /* MinSizeRel */,
				7EE838300E73496E9C9859D5 /* RelWithDebInfo */,
			);
			defaultConfigurationIsVisible = 0;
			defaultConfigurationName = Debug;
		};
/* End XCConfigurationList section */
	};
	rootObject = E6BD786772034C56B4817026 /* Project object */;
}
